
Microsoft Visual Studio Solution File, Format Version 12.00
# Visual Studio Version 17
VisualStudioVersion = 17.7.34024.191
MinimumVisualStudioVersion = 10.0.40219.1
Project("{FAE04EC0-301F-11D3-BF4B-00C04F79EFBC}") = "ex12", "ex12\ex12.csproj", "{543DFA19-987D-4948-906E-4E36AE64CD29}"
EndProject
Global
	GlobalSection(SolutionConfigurationPlatforms) = preSolution
		Debug|Any CPU = Debug|Any CPU
		Release|Any CPU = Release|Any CPU
	EndGlobalSection
	GlobalSection(ProjectConfigurationPlatforms) = postSolution
		{543DFA19-987D-4948-906E-4E36AE64CD29}.Debug|Any CPU.ActiveCfg = Debug|Any CPU
		{543DFA19-987D-4948-906E-4E36AE64CD29}.Debug|Any CPU.Build.0 = Debug|Any CPU
		{543DFA19-987D-4948-906E-4E36AE64CD29}.Release|Any CPU.ActiveCfg = Release|Any CPU
		{543DFA19-987D-4948-906E-4E36AE64CD29}.Release|Any CPU.Build.0 = Release|Any CPU
	EndGlobalSection
	GlobalSection(SolutionProperties) = preSolution
		HideSolutionNode = FALSE
	EndGlobalSection
	GlobalSection(ExtensibilityGlobals) = postSolution
		SolutionGuid = {A7AEAEE7-CFE1-41AF-A025-EE104892E588}
	EndGlobalSection
EndGlobal
