
Microsoft Visual Studio Solution File, Format Version 12.00
# Visual Studio Version 17
VisualStudioVersion = 17.7.34024.191
MinimumVisualStudioVersion = 10.0.40219.1
Project("{FAE04EC0-301F-11D3-BF4B-00C04F79EFBC}") = "ex3", "ex3\ex3.csproj", "{1BFF6CC1-6BD4-4BA0-BF98-AC8308186932}"
EndProject
Global
	GlobalSection(SolutionConfigurationPlatforms) = preSolution
		Debug|Any CPU = Debug|Any CPU
		Release|Any CPU = Release|Any CPU
	EndGlobalSection
	GlobalSection(ProjectConfigurationPlatforms) = postSolution
		{1BFF6CC1-6BD4-4BA0-BF98-AC8308186932}.Debug|Any CPU.ActiveCfg = Debug|Any CPU
		{1BFF6CC1-6BD4-4BA0-BF98-AC8308186932}.Debug|Any CPU.Build.0 = Debug|Any CPU
		{1BFF6CC1-6BD4-4BA0-BF98-AC8308186932}.Release|Any CPU.ActiveCfg = Release|Any CPU
		{1BFF6CC1-6BD4-4BA0-BF98-AC8308186932}.Release|Any CPU.Build.0 = Release|Any CPU
	EndGlobalSection
	GlobalSection(SolutionProperties) = preSolution
		HideSolutionNode = FALSE
	EndGlobalSection
	GlobalSection(ExtensibilityGlobals) = postSolution
		SolutionGuid = {22629F4F-E79A-4167-8866-BE48B74C2816}
	EndGlobalSection
EndGlobal
