
Microsoft Visual Studio Solution File, Format Version 12.00
# Visual Studio Version 17
VisualStudioVersion = 17.7.34024.191
MinimumVisualStudioVersion = 10.0.40219.1
Project("{FAE04EC0-301F-11D3-BF4B-00C04F79EFBC}") = "ex10", "ex10\ex10.csproj", "{9B0258B7-1A7C-4C77-92C9-72AC96805AB4}"
EndProject
Global
	GlobalSection(SolutionConfigurationPlatforms) = preSolution
		Debug|Any CPU = Debug|Any CPU
		Release|Any CPU = Release|Any CPU
	EndGlobalSection
	GlobalSection(ProjectConfigurationPlatforms) = postSolution
		{9B0258B7-1A7C-4C77-92C9-72AC96805AB4}.Debug|Any CPU.ActiveCfg = Debug|Any CPU
		{9B0258B7-1A7C-4C77-92C9-72AC96805AB4}.Debug|Any CPU.Build.0 = Debug|Any CPU
		{9B0258B7-1A7C-4C77-92C9-72AC96805AB4}.Release|Any CPU.ActiveCfg = Release|Any CPU
		{9B0258B7-1A7C-4C77-92C9-72AC96805AB4}.Release|Any CPU.Build.0 = Release|Any CPU
	EndGlobalSection
	GlobalSection(SolutionProperties) = preSolution
		HideSolutionNode = FALSE
	EndGlobalSection
	GlobalSection(ExtensibilityGlobals) = postSolution
		SolutionGuid = {0E8137B2-1DF1-450B-9A46-0F1D0138EB0C}
	EndGlobalSection
EndGlobal
